
Microsoft Visual Studio Solution File, Format Version 12.00
# Visual Studio Version 16
VisualStudioVersion = 16.0.32413.511
MinimumVisualStudioVersion = 10.0.40219.1
Project("{FAE04EC0-301F-11D3-BF4B-00C04F79EFBC}") = "CSIT.Flames.Api", "CSIT.Flames.Api.csproj", "{619F3E50-DC12-40AC-BA9E-052E8DBF5128}"
EndProject
Global
	GlobalSection(SolutionConfigurationPlatforms) = preSolution
		Debug|Any CPU = Debug|Any CPU
		Release|Any CPU = Release|Any CPU
	EndGlobalSection
	GlobalSection(ProjectConfigurationPlatforms) = postSolution
		{619F3E50-DC12-40AC-BA9E-052E8DBF5128}.Debug|Any CPU.ActiveCfg = Debug|Any CPU
		{619F3E50-DC12-40AC-BA9E-052E8DBF5128}.Debug|Any CPU.Build.0 = Debug|Any CPU
		{619F3E50-DC12-40AC-BA9E-052E8DBF5128}.Release|Any CPU.ActiveCfg = Release|Any CPU
		{619F3E50-DC12-40AC-BA9E-052E8DBF5128}.Release|Any CPU.Build.0 = Release|Any CPU
	EndGlobalSection
	GlobalSection(SolutionProperties) = preSolution
		HideSolutionNode = FALSE
	EndGlobalSection
	GlobalSection(ExtensibilityGlobals) = postSolution
		SolutionGuid = {0E66F0A8-CDBF-44C0-BE40-301E191FDEC5}
	EndGlobalSection
EndGlobal
